<?xml version="1.0" encoding="utf-8"?>
<Project ToolsVersion="4.0" xmlns="http://schemas.microsoft.com/developer/msbuild/2003">
  <ItemGroup>
    <Filter Include="Source Files">
      <UniqueIdentifier>{4FC737F1-C7A5-4376-A066-2A32D752A2FF}</UniqueIdentifier>
      <Extensions>cpp;c;cc;cxx;c++;cppm;ixx;def;odl;idl;hpj;bat;asm;asmx</Extensions>
    </Filter>
    <Filter Include="Header Files">
      <UniqueIdentifier>{93995380-89BD-4b04-88EB-625FBE52EBFB}</UniqueIdentifier>
      <Extensions>h;hh;hpp;hxx;h++;hm;inl;inc;ipp;xsd</Extensions>
    </Filter>
    <Filter Include="Resource Files">
      <UniqueIdentifier>{67DA6AB6-F800-4c08-8B7A-83BB121AAD01}</UniqueIdentifier>
      <Extensions>rc;ico;cur;bmp;dlg;rc2;rct;bin;rgs;gif;jpg;jpeg;jpe;resx;tiff;tif;png;wav;mfcribbon-ms</Extensions>
    </Filter>
  </ItemGroup>
  <ItemGroup>
    <ClCompile Include="OpenTerrainGenerator.cpp">
      <Filter>Source Files</Filter>
    </ClCompile>
    <ClCompile Include="src\sebphil\source\application\Application.cpp">
      <Filter>Source Files</Filter>
    </ClCompile>
    <ClCompile Include="src\sebphil\source\exceptions\GlfwException.cpp">
      <Filter>Source Files</Filter>
    </ClCompile>
    <ClCompile Include="src\sebphil\source\exceptions\ApplicationException.cpp">
      <Filter>Source Files</Filter>
    </ClCompile>
    <ClCompile Include="src\sebphil\source\application\Window.cpp">
      <Filter>Source Files</Filter>
    </ClCompile>
    <ClCompile Include="src\sebphil\source\application\RenderLoop.cpp">
      <Filter>Source Files</Filter>
    </ClCompile>
    <ClCompile Include="src\sebphil\source\application\FrameClock.cpp">
      <Filter>Source Files</Filter>
    </ClCompile>
    <ClCompile Include="src\sebphil\source\globjects\DebugMessenger.cpp">
      <Filter>Source Files</Filter>
    </ClCompile>
    <ClCompile Include="src\sebphil\source\globjects\VertexBuffer.cpp">
      <Filter>Source Files</Filter>
    </ClCompile>
    <ClCompile Include="src\sebphil\source\globjects\IndexBuffer.cpp">
      <Filter>Source Files</Filter>
    </ClCompile>
    <ClCompile Include="src\sebphil\source\globjects\VertexArray.cpp">
      <Filter>Source Files</Filter>
    </ClCompile>
    <ClCompile Include="src\sebphil\source\globjects\VertexBufferLayout.cpp">
      <Filter>Source Files</Filter>
    </ClCompile>
    <ClCompile Include="src\sebphil\source\globjects\LayoutElementType.cpp">
      <Filter>Source Files</Filter>
    </ClCompile>
    <ClCompile Include="src\sebphil\source\globjects\Shader.cpp">
      <Filter>Source Files</Filter>
    </ClCompile>
    <ClCompile Include="src\sebphil\source\io\FileReader.cpp">
      <Filter>Source Files</Filter>
    </ClCompile>
    <ClCompile Include="src\sebphil\source\exceptions\FileInputException.cpp">
      <Filter>Source Files</Filter>
    </ClCompile>
    <ClCompile Include="src\sebphil\source\exceptions\ShaderCompilationException.cpp">
      <Filter>Source Files</Filter>
    </ClCompile>
    <ClCompile Include="src\sebphil\source\globjects\ShaderType.cpp">
      <Filter>Source Files</Filter>
    </ClCompile>
    <ClCompile Include="src\sebphil\source\globjects\ShaderProgram.cpp">
      <Filter>Source Files</Filter>
    </ClCompile>
    <ClCompile Include="src\sebphil\source\exceptions\ProgramBuildException.cpp">
      <Filter>Source Files</Filter>
    </ClCompile>
    <ClCompile Include="src\sebphil\source\globjects\GlObject.cpp">
      <Filter>Source Files</Filter>
    </ClCompile>
    <ClCompile Include="src\sebphil\source\globjects\ProgramUniformLink.cpp">
      <Filter>Source Files</Filter>
    </ClCompile>
    <ClCompile Include="src\vendor\glad\glad.c">
      <Filter>Source Files</Filter>
    </ClCompile>
    <ClCompile Include="src\sebphil\source\exceptions\ImageLoadException.cpp">
      <Filter>Source Files</Filter>
    </ClCompile>
    <ClCompile Include="src\sebphil\source\modelstructure\Mesh.cpp">
      <Filter>Source Files</Filter>
    </ClCompile>
    <ClCompile Include="src\sebphil\source\modelstructure\Model.cpp">
      <Filter>Source Files</Filter>
    </ClCompile>
    <ClCompile Include="src\sebphil\source\globjects\TextureImage.cpp">
      <Filter>Source Files</Filter>
    </ClCompile>
    <ClCompile Include="src\sebphil\source\globjects\Texture.cpp">
      <Filter>Source Files</Filter>
    </ClCompile>
    <ClCompile Include="src\sebphil\source\globjects\TextureType.cpp">
      <Filter>Source Files</Filter>
    </ClCompile>
    <ClCompile Include="src\sebphil\source\globjects\RenderBuffer.cpp">
      <Filter>Source Files</Filter>
    </ClCompile>
    <ClCompile Include="src\sebphil\source\globjects\Framebuffer.cpp">
      <Filter>Source Files</Filter>
    </ClCompile>
    <ClCompile Include="src\sebphil\source\exceptions\FramebufferException.cpp">
      <Filter>Source Files</Filter>
    </ClCompile>
    <ClCompile Include="src\sebphil\source\globjects\MultisampleTexture.cpp">
      <Filter>Source Files</Filter>
    </ClCompile>
    <ClCompile Include="src\sebphil\source\globjects\MultisampleRenderBuffer.cpp">
      <Filter>Source Files</Filter>
    </ClCompile>
    <ClCompile Include="src\sebphil\source\globjects\UniformType.cpp">
      <Filter>Source Files</Filter>
    </ClCompile>
    <ClCompile Include="src\sebphil\source\globjects\UniformBuffer.cpp">
      <Filter>Source Files</Filter>
    </ClCompile>
    <ClCompile Include="src\sebphil\source\exceptions\UniformBufferException.cpp">
      <Filter>Source Files</Filter>
    </ClCompile>
    <ClCompile Include="src\sebphil\source\modelstructure\ScreenMesh.cpp">
      <Filter>Source Files</Filter>
    </ClCompile>
    <ClCompile Include="src\sebphil\source\camera\Camera.cpp">
      <Filter>Source Files</Filter>
    </ClCompile>
  </ItemGroup>
  <ItemGroup>
    <ClInclude Include="src\sebphil\header\application\Application.h">
      <Filter>Header Files</Filter>
    </ClInclude>
    <ClInclude Include="src\sebphil\header\exceptions\GlfwException.h">
      <Filter>Header Files</Filter>
    </ClInclude>
    <ClInclude Include="src\sebphil\header\exceptions\ApplicationException.h">
      <Filter>Header Files</Filter>
    </ClInclude>
    <ClInclude Include="src\sebphil\header\application\Window.h">
      <Filter>Header Files</Filter>
    </ClInclude>
    <ClInclude Include="src\sebphil\header\application\RenderLoop.h">
      <Filter>Header Files</Filter>
    </ClInclude>
    <ClInclude Include="src\sebphil\header\application\FrameClock.h">
      <Filter>Header Files</Filter>
    </ClInclude>
    <ClInclude Include="src\sebphil\header\globjects\DebugMessenger.h">
      <Filter>Header Files</Filter>
    </ClInclude>
    <ClInclude Include="src\sebphil\header\globjects\IndexBuffer.h">
      <Filter>Header Files</Filter>
    </ClInclude>
    <ClInclude Include="src\sebphil\header\globjects\VertexBuffer.h">
      <Filter>Header Files</Filter>
    </ClInclude>
    <ClInclude Include="src\sebphil\header\globjects\VertexArray.h">
      <Filter>Header Files</Filter>
    </ClInclude>
    <ClInclude Include="src\sebphil\header\globjects\VertexBufferLayout.h">
      <Filter>Header Files</Filter>
    </ClInclude>
    <ClInclude Include="src\sebphil\header\globjects\LayoutElementType.h">
      <Filter>Header Files</Filter>
    </ClInclude>
    <ClInclude Include="src\sebphil\header\globjects\Shader.h">
      <Filter>Header Files</Filter>
    </ClInclude>
    <ClInclude Include="src\sebphil\header\io\FileReader.h">
      <Filter>Header Files</Filter>
    </ClInclude>
    <ClInclude Include="src\sebphil\header\exceptions\FileInputException.h">
      <Filter>Header Files</Filter>
    </ClInclude>
    <ClInclude Include="src\sebphil\header\exceptions\ShaderCompilationException.h">
      <Filter>Header Files</Filter>
    </ClInclude>
    <ClInclude Include="src\sebphil\header\globjects\ShaderType.h">
      <Filter>Header Files</Filter>
    </ClInclude>
    <ClInclude Include="src\sebphil\header\globjects\ShaderProgram.h">
      <Filter>Header Files</Filter>
    </ClInclude>
    <ClInclude Include="src\sebphil\header\exceptions\ProgramBuildException.h">
      <Filter>Header Files</Filter>
    </ClInclude>
    <ClInclude Include="src\sebphil\header\globjects\GlObject.h">
      <Filter>Header Files</Filter>
    </ClInclude>
    <ClInclude Include="src\sebphil\header\globjects\ProgramUniformLink.h">
      <Filter>Header Files</Filter>
    </ClInclude>
    <ClInclude Include="src\sebphil\header\debugflags\DebugFlags.h">
      <Filter>Header Files</Filter>
    </ClInclude>
    <ClInclude Include="src\sebphil\header\exceptions\ImageLoadException.h">
      <Filter>Header Files</Filter>
    </ClInclude>
    <ClInclude Include="src\vendor\stb\stbimage.h">
      <Filter>Header Files</Filter>
    </ClInclude>
    <ClInclude Include="src\sebphil\header\io\Image.h">
      <Filter>Header Files</Filter>
    </ClInclude>
    <ClInclude Include="src\sebphil\header\modelstructure\Vertex.h">
      <Filter>Header Files</Filter>
    </ClInclude>
    <ClInclude Include="src\sebphil\header\modelstructure\Mesh.h">
      <Filter>Header Files</Filter>
    </ClInclude>
    <ClInclude Include="src\sebphil\header\modelstructure\Model.h">
      <Filter>Header Files</Filter>
    </ClInclude>
    <ClInclude Include="src\sebphil\header\globjects\TextureImage.h">
      <Filter>Header Files</Filter>
    </ClInclude>
    <ClInclude Include="src\sebphil\header\globjects\Texture.h">
      <Filter>Header Files</Filter>
    </ClInclude>
    <ClInclude Include="src\sebphil\header\globjects\TextureType.h">
      <Filter>Header Files</Filter>
    </ClInclude>
    <ClInclude Include="src\sebphil\header\globjects\RenderBuffer.h">
      <Filter>Header Files</Filter>
    </ClInclude>
    <ClInclude Include="src\sebphil\header\globjects\Framebuffer.h">
      <Filter>Header Files</Filter>
    </ClInclude>
    <ClInclude Include="src\sebphil\header\exceptions\FramebufferException.h">
      <Filter>Header Files</Filter>
    </ClInclude>
    <ClInclude Include="src\sebphil\header\globjects\MultisampleTexture.h">
      <Filter>Header Files</Filter>
    </ClInclude>
    <ClInclude Include="src\sebphil\header\globjects\MultisampleRenderBuffer.h">
      <Filter>Header Files</Filter>
    </ClInclude>
    <ClInclude Include="src\sebphil\header\globjects\UniformType.h">
      <Filter>Header Files</Filter>
    </ClInclude>
    <ClInclude Include="src\sebphil\header\globjects\UniformBuffer.h">
      <Filter>Header Files</Filter>
    </ClInclude>
    <ClInclude Include="src\sebphil\header\exceptions\UniformBufferException.h">
      <Filter>Header Files</Filter>
    </ClInclude>
    <ClInclude Include="src\sebphil\header\camera\Camera.h">
      <Filter>Header Files</Filter>
    </ClInclude>
    <ClInclude Include="src\sebphil\header\modelstructure\ScreenMesh.h">
      <Filter>Header Files</Filter>
    </ClInclude>
    <ClInclude Include="src\sebphil\header\modelstructure\CubeData.h">
      <Filter>Header Files</Filter>
    </ClInclude>
  </ItemGroup>
  <ItemGroup>
    <None Include="src\sebphil\shader\vertex\VertexStandard.glsl" />
    <None Include="src\sebphil\shader\fragment\FragmentScreen.glsl" />
    <None Include="src\sebphil\shader\fragment\FragmentStandard.glsl" />
    <None Include="src\sebphil\shader\vertex\VertexScreen.glsl" />
  </ItemGroup>
</Project>